
Microsoft Visual Studio Solution File, Format Version 12.00
# Visual Studio 15
VisualStudioVersion = 15.0.28307.779
MinimumVisualStudioVersion = 10.0.40219.1
Project("{FAE04EC0-301F-11D3-BF4B-00C04F79EFBC}") = "CargarImagen2", "CargarImagen2\CargarImagen2.csproj", "{54EE5065-DEA8-406A-BF50-C8CA1D7246EA}"
EndProject
Global
	GlobalSection(SolutionConfigurationPlatforms) = preSolution
		Debug|Any CPU = Debug|Any CPU
		Release|Any CPU = Release|Any CPU
	EndGlobalSection
	GlobalSection(ProjectConfigurationPlatforms) = postSolution
		{54EE5065-DEA8-406A-BF50-C8CA1D7246EA}.Debug|Any CPU.ActiveCfg = Debug|Any CPU
		{54EE5065-DEA8-406A-BF50-C8CA1D7246EA}.Debug|Any CPU.Build.0 = Debug|Any CPU
		{54EE5065-DEA8-406A-BF50-C8CA1D7246EA}.Release|Any CPU.ActiveCfg = Release|Any CPU
		{54EE5065-DEA8-406A-BF50-C8CA1D7246EA}.Release|Any CPU.Build.0 = Release|Any CPU
	EndGlobalSection
	GlobalSection(SolutionProperties) = preSolution
		HideSolutionNode = FALSE
	EndGlobalSection
	GlobalSection(ExtensibilityGlobals) = postSolution
		SolutionGuid = {209FAA75-9F10-44FA-9B12-3E63BF5BE13E}
	EndGlobalSection
EndGlobal
